
Microsoft Visual Studio Solution File, Format Version 12.00
# Visual Studio 14
VisualStudioVersion = 14.0.22823.1
MinimumVisualStudioVersion = 10.0.40219.1
Project("{FAE04EC0-301F-11D3-BF4B-00C04F79EFBC}") = "Capital Cities", "Capital Cities\Capital Cities.csproj", "{CC725D29-8E33-4B5B-B612-831B8D56E886}"
EndProject
Global
	GlobalSection(SolutionConfigurationPlatforms) = preSolution
		Debug|Any CPU = Debug|Any CPU
		Release|Any CPU = Release|Any CPU
	EndGlobalSection
	GlobalSection(ProjectConfigurationPlatforms) = postSolution
		{CC725D29-8E33-4B5B-B612-831B8D56E886}.Debug|Any CPU.ActiveCfg = Debug|Any CPU
		{CC725D29-8E33-4B5B-B612-831B8D56E886}.Debug|Any CPU.Build.0 = Debug|Any CPU
		{CC725D29-8E33-4B5B-B612-831B8D56E886}.Release|Any CPU.ActiveCfg = Release|Any CPU
		{CC725D29-8E33-4B5B-B612-831B8D56E886}.Release|Any CPU.Build.0 = Release|Any CPU
	EndGlobalSection
	GlobalSection(SolutionProperties) = preSolution
		HideSolutionNode = FALSE
	EndGlobalSection
EndGlobal
